
Microsoft Visual Studio Solution File, Format Version 12.00
# Visual Studio 15
Project("{FAE04EC0-301F-11D3-BF4B-00C04F79EFBC}") = "Assembly-CSharp", "Assembly-CSharp.csproj", "{320E7440-95AA-B5A3-14BC-502AFBABAC6C}"
EndProject
Project("{FAE04EC0-301F-11D3-BF4B-00C04F79EFBC}") = "Unity.2D.Animation.Samples.Runtime", "Unity.2D.Animation.Samples.Runtime.csproj", "{A6BE7741-F3CB-B45A-48E3-FA6466A15CB0}"
EndProject
Project("{FAE04EC0-301F-11D3-BF4B-00C04F79EFBC}") = "Unity.2D.Animation.Samples.Dependency", "Unity.2D.Animation.Samples.Dependency.csproj", "{9DF54040-79FD-B8DE-6681-297FAEEE43C1}"
EndProject
Project("{FAE04EC0-301F-11D3-BF4B-00C04F79EFBC}") = "Unity.2D.Animation.Samples.Editor", "Unity.2D.Animation.Samples.Editor.csproj", "{E9769538-AF2B-75D0-10CA-ADC72D41EB94}"
EndProject
Global
	GlobalSection(SolutionConfigurationPlatforms) = preSolution
		Debug|Any CPU = Debug|Any CPU
		Release|Any CPU = Release|Any CPU
	EndGlobalSection
	GlobalSection(ProjectConfigurationPlatforms) = postSolution
		{320E7440-95AA-B5A3-14BC-502AFBABAC6C}.Debug|Any CPU.ActiveCfg = Debug|Any CPU
		{320E7440-95AA-B5A3-14BC-502AFBABAC6C}.Debug|Any CPU.Build.0 = Debug|Any CPU
		{320E7440-95AA-B5A3-14BC-502AFBABAC6C}.Release|Any CPU.ActiveCfg = Release|Any CPU
		{320E7440-95AA-B5A3-14BC-502AFBABAC6C}.Release|Any CPU.Build.0 = Release|Any CPU
		{A6BE7741-F3CB-B45A-48E3-FA6466A15CB0}.Debug|Any CPU.ActiveCfg = Debug|Any CPU
		{A6BE7741-F3CB-B45A-48E3-FA6466A15CB0}.Debug|Any CPU.Build.0 = Debug|Any CPU
		{A6BE7741-F3CB-B45A-48E3-FA6466A15CB0}.Release|Any CPU.ActiveCfg = Release|Any CPU
		{A6BE7741-F3CB-B45A-48E3-FA6466A15CB0}.Release|Any CPU.Build.0 = Release|Any CPU
		{9DF54040-79FD-B8DE-6681-297FAEEE43C1}.Debug|Any CPU.ActiveCfg = Debug|Any CPU
		{9DF54040-79FD-B8DE-6681-297FAEEE43C1}.Debug|Any CPU.Build.0 = Debug|Any CPU
		{9DF54040-79FD-B8DE-6681-297FAEEE43C1}.Release|Any CPU.ActiveCfg = Release|Any CPU
		{9DF54040-79FD-B8DE-6681-297FAEEE43C1}.Release|Any CPU.Build.0 = Release|Any CPU
		{E9769538-AF2B-75D0-10CA-ADC72D41EB94}.Debug|Any CPU.ActiveCfg = Debug|Any CPU
		{E9769538-AF2B-75D0-10CA-ADC72D41EB94}.Debug|Any CPU.Build.0 = Debug|Any CPU
		{E9769538-AF2B-75D0-10CA-ADC72D41EB94}.Release|Any CPU.ActiveCfg = Release|Any CPU
		{E9769538-AF2B-75D0-10CA-ADC72D41EB94}.Release|Any CPU.Build.0 = Release|Any CPU
	EndGlobalSection
	GlobalSection(SolutionProperties) = preSolution
		HideSolutionNode = FALSE
	EndGlobalSection
EndGlobal
